
Microsoft Visual Studio Solution File, Format Version 12.00
# Visual Studio Version 17
VisualStudioVersion = 17.1.32228.430
MinimumVisualStudioVersion = 10.0.40219.1
Project("{FAE04EC0-301F-11D3-BF4B-00C04F79EFBC}") = "Logical Progrmas", "Logical Progrmas\Logical Progrmas.csproj", "{EDD7E55D-D178-43BB-BEFE-93DB431CEB7B}"
EndProject
Global
	GlobalSection(SolutionConfigurationPlatforms) = preSolution
		Debug|Any CPU = Debug|Any CPU
		Release|Any CPU = Release|Any CPU
	EndGlobalSection
	GlobalSection(ProjectConfigurationPlatforms) = postSolution
		{EDD7E55D-D178-43BB-BEFE-93DB431CEB7B}.Debug|Any CPU.ActiveCfg = Debug|Any CPU
		{EDD7E55D-D178-43BB-BEFE-93DB431CEB7B}.Debug|Any CPU.Build.0 = Debug|Any CPU
		{EDD7E55D-D178-43BB-BEFE-93DB431CEB7B}.Release|Any CPU.ActiveCfg = Release|Any CPU
		{EDD7E55D-D178-43BB-BEFE-93DB431CEB7B}.Release|Any CPU.Build.0 = Release|Any CPU
	EndGlobalSection
	GlobalSection(SolutionProperties) = preSolution
		HideSolutionNode = FALSE
	EndGlobalSection
	GlobalSection(ExtensibilityGlobals) = postSolution
		SolutionGuid = {3924EA1D-EDF6-45DF-A995-1D6EF8A69F13}
	EndGlobalSection
EndGlobal
